
Microsoft Visual Studio Solution File, Format Version 12.00
# Visual Studio Version 16
VisualStudioVersion = 16.0.29326.143
MinimumVisualStudioVersion = 10.0.40219.1
Project("{FAE04EC0-301F-11D3-BF4B-00C04F79EFBC}") = "JwtAssertionCreator", "JwtAssertionCreator\JwtAssertionCreator.csproj", "{3BAA0CD4-467E-472A-B83A-F72AD947EF9B}"
EndProject
Global
	GlobalSection(SolutionConfigurationPlatforms) = preSolution
		Debug|Any CPU = Debug|Any CPU
		Release|Any CPU = Release|Any CPU
	EndGlobalSection
	GlobalSection(ProjectConfigurationPlatforms) = postSolution
		{3BAA0CD4-467E-472A-B83A-F72AD947EF9B}.Debug|Any CPU.ActiveCfg = Debug|Any CPU
		{3BAA0CD4-467E-472A-B83A-F72AD947EF9B}.Debug|Any CPU.Build.0 = Debug|Any CPU
		{3BAA0CD4-467E-472A-B83A-F72AD947EF9B}.Release|Any CPU.ActiveCfg = Release|Any CPU
		{3BAA0CD4-467E-472A-B83A-F72AD947EF9B}.Release|Any CPU.Build.0 = Release|Any CPU
	EndGlobalSection
	GlobalSection(SolutionProperties) = preSolution
		HideSolutionNode = FALSE
	EndGlobalSection
	GlobalSection(ExtensibilityGlobals) = postSolution
		SolutionGuid = {3A389662-DB1B-4618-AC2A-2F8044A7B993}
	EndGlobalSection
EndGlobal
